
Microsoft Visual Studio Solution File, Format Version 12.00
# Visual Studio Version 16
VisualStudioVersion = 16.0.31624.102
MinimumVisualStudioVersion = 10.0.40219.1
Project("{9A19103F-16F7-4668-BE54-9A1E7A4F7556}") = "WebAssgn", "WebAssgn\WebAssgn.csproj", "{66D862BE-D2CB-495C-B548-E766E3E3B9E5}"
EndProject
Project("{FAE04EC0-301F-11D3-BF4B-00C04F79EFBC}") = "WebAssgnTest", "WebAssgnTest\WebAssgnTest.csproj", "{8EADFB36-BDBA-47B6-AB91-7CFFCE3F71A5}"
EndProject
Global
	GlobalSection(SolutionConfigurationPlatforms) = preSolution
		Debug|Any CPU = Debug|Any CPU
		Release|Any CPU = Release|Any CPU
	EndGlobalSection
	GlobalSection(ProjectConfigurationPlatforms) = postSolution
		{66D862BE-D2CB-495C-B548-E766E3E3B9E5}.Debug|Any CPU.ActiveCfg = Debug|Any CPU
		{66D862BE-D2CB-495C-B548-E766E3E3B9E5}.Debug|Any CPU.Build.0 = Debug|Any CPU
		{66D862BE-D2CB-495C-B548-E766E3E3B9E5}.Release|Any CPU.ActiveCfg = Release|Any CPU
		{66D862BE-D2CB-495C-B548-E766E3E3B9E5}.Release|Any CPU.Build.0 = Release|Any CPU
		{8EADFB36-BDBA-47B6-AB91-7CFFCE3F71A5}.Debug|Any CPU.ActiveCfg = Debug|Any CPU
		{8EADFB36-BDBA-47B6-AB91-7CFFCE3F71A5}.Debug|Any CPU.Build.0 = Debug|Any CPU
		{8EADFB36-BDBA-47B6-AB91-7CFFCE3F71A5}.Release|Any CPU.ActiveCfg = Release|Any CPU
		{8EADFB36-BDBA-47B6-AB91-7CFFCE3F71A5}.Release|Any CPU.Build.0 = Release|Any CPU
	EndGlobalSection
	GlobalSection(SolutionProperties) = preSolution
		HideSolutionNode = FALSE
	EndGlobalSection
	GlobalSection(ExtensibilityGlobals) = postSolution
		SolutionGuid = {04C19CFD-4E0E-461C-BBAF-F594DACB8C42}
	EndGlobalSection
EndGlobal
